
Microsoft Visual Studio Solution File, Format Version 12.00
# Visual Studio Version 17
VisualStudioVersion = 17.0.31912.275
MinimumVisualStudioVersion = 10.0.40219.1
Project("{9A19103F-16F7-4668-BE54-9A1E7A4F7556}") = "FundaApi", "FundaApi\FundaApi.csproj", "{5D995712-317E-490F-AB06-4BF03B5596CD}"
EndProject
Project("{FAE04EC0-301F-11D3-BF4B-00C04F79EFBC}") = "FundaApi.Core", "FundaApi.Core\FundaApi.Core.csproj", "{20613753-B2E0-4729-AFEE-BED21BDA8A47}"
EndProject
Project("{2150E333-8FDC-42A3-9474-1A3956D46DE8}") = "Solution Items", "Solution Items", "{98ED2D33-1489-4BEC-820D-DEEA50B715C6}"
	ProjectSection(SolutionItems) = preProject
		.editorconfig = .editorconfig
		..\.gitignore = ..\.gitignore
		..\.github\workflows\build.yml = ..\.github\workflows\build.yml
		..\README.md = ..\README.md
	EndProjectSection
EndProject
Project("{FAE04EC0-301F-11D3-BF4B-00C04F79EFBC}") = "FundaApi.LiteDbProvider", "FundaApi.LiteDbProvider\FundaApi.LiteDbProvider.csproj", "{5FF95AB8-A5DF-4C1C-87E2-F56F91C609EF}"
EndProject
Project("{FAE04EC0-301F-11D3-BF4B-00C04F79EFBC}") = "FundaApi.Core.Tests", "FundaApi.Core.Tests\FundaApi.Core.Tests.csproj", "{94F29C99-9AF0-4771-B9F4-5C9696BA9403}"
EndProject
Project("{FAE04EC0-301F-11D3-BF4B-00C04F79EFBC}") = "FundaApi.Tests", "FundaApi.Tests\FundaApi.Tests.csproj", "{AF3EE579-3C96-43A4-8807-8E5A1B763456}"
EndProject
Project("{FAE04EC0-301F-11D3-BF4B-00C04F79EFBC}") = "FundaApi.LiteDbProvider.Tests", "FundaApi.LiteDbProvider.Tests\FundaApi.LiteDbProvider.Tests.csproj", "{2EFD391B-4F25-4953-B32F-2AAAC2B97F0A}"
EndProject
Global
	GlobalSection(SolutionConfigurationPlatforms) = preSolution
		Debug|Any CPU = Debug|Any CPU
		Release|Any CPU = Release|Any CPU
	EndGlobalSection
	GlobalSection(ProjectConfigurationPlatforms) = postSolution
		{5D995712-317E-490F-AB06-4BF03B5596CD}.Debug|Any CPU.ActiveCfg = Debug|Any CPU
		{5D995712-317E-490F-AB06-4BF03B5596CD}.Debug|Any CPU.Build.0 = Debug|Any CPU
		{5D995712-317E-490F-AB06-4BF03B5596CD}.Release|Any CPU.ActiveCfg = Release|Any CPU
		{5D995712-317E-490F-AB06-4BF03B5596CD}.Release|Any CPU.Build.0 = Release|Any CPU
		{20613753-B2E0-4729-AFEE-BED21BDA8A47}.Debug|Any CPU.ActiveCfg = Debug|Any CPU
		{20613753-B2E0-4729-AFEE-BED21BDA8A47}.Debug|Any CPU.Build.0 = Debug|Any CPU
		{20613753-B2E0-4729-AFEE-BED21BDA8A47}.Release|Any CPU.ActiveCfg = Release|Any CPU
		{20613753-B2E0-4729-AFEE-BED21BDA8A47}.Release|Any CPU.Build.0 = Release|Any CPU
		{5FF95AB8-A5DF-4C1C-87E2-F56F91C609EF}.Debug|Any CPU.ActiveCfg = Debug|Any CPU
		{5FF95AB8-A5DF-4C1C-87E2-F56F91C609EF}.Debug|Any CPU.Build.0 = Debug|Any CPU
		{5FF95AB8-A5DF-4C1C-87E2-F56F91C609EF}.Release|Any CPU.ActiveCfg = Release|Any CPU
		{5FF95AB8-A5DF-4C1C-87E2-F56F91C609EF}.Release|Any CPU.Build.0 = Release|Any CPU
		{94F29C99-9AF0-4771-B9F4-5C9696BA9403}.Debug|Any CPU.ActiveCfg = Debug|Any CPU
		{94F29C99-9AF0-4771-B9F4-5C9696BA9403}.Debug|Any CPU.Build.0 = Debug|Any CPU
		{94F29C99-9AF0-4771-B9F4-5C9696BA9403}.Release|Any CPU.ActiveCfg = Release|Any CPU
		{94F29C99-9AF0-4771-B9F4-5C9696BA9403}.Release|Any CPU.Build.0 = Release|Any CPU
		{AF3EE579-3C96-43A4-8807-8E5A1B763456}.Debug|Any CPU.ActiveCfg = Debug|Any CPU
		{AF3EE579-3C96-43A4-8807-8E5A1B763456}.Debug|Any CPU.Build.0 = Debug|Any CPU
		{AF3EE579-3C96-43A4-8807-8E5A1B763456}.Release|Any CPU.ActiveCfg = Release|Any CPU
		{AF3EE579-3C96-43A4-8807-8E5A1B763456}.Release|Any CPU.Build.0 = Release|Any CPU
		{2EFD391B-4F25-4953-B32F-2AAAC2B97F0A}.Debug|Any CPU.ActiveCfg = Debug|Any CPU
		{2EFD391B-4F25-4953-B32F-2AAAC2B97F0A}.Debug|Any CPU.Build.0 = Debug|Any CPU
		{2EFD391B-4F25-4953-B32F-2AAAC2B97F0A}.Release|Any CPU.ActiveCfg = Release|Any CPU
		{2EFD391B-4F25-4953-B32F-2AAAC2B97F0A}.Release|Any CPU.Build.0 = Release|Any CPU
	EndGlobalSection
	GlobalSection(SolutionProperties) = preSolution
		HideSolutionNode = FALSE
	EndGlobalSection
	GlobalSection(ExtensibilityGlobals) = postSolution
		SolutionGuid = {B5C51059-79C2-4D43-AEC4-968C4E2F86E0}
	EndGlobalSection
EndGlobal
